
Microsoft Visual Studio Solution File, Format Version 12.00
# Visual Studio Version 17
VisualStudioVersion = 17.8.34511.84
MinimumVisualStudioVersion = 10.0.40219.1
Project("{FAE04EC0-301F-11D3-BF4B-00C04F79EFBC}") = "PersonalBudgetTracker", "PersonalBudgetTracker.csproj", "{F931CAA7-74B6-4532-8E78-0EF0B0953441}"
EndProject
Global
	GlobalSection(SolutionConfigurationPlatforms) = preSolution
		Debug|Any CPU = Debug|Any CPU
		Release|Any CPU = Release|Any CPU
	EndGlobalSection
	GlobalSection(ProjectConfigurationPlatforms) = postSolution
		{F931CAA7-74B6-4532-8E78-0EF0B0953441}.Debug|Any CPU.ActiveCfg = Debug|Any CPU
		{F931CAA7-74B6-4532-8E78-0EF0B0953441}.Debug|Any CPU.Build.0 = Debug|Any CPU
		{F931CAA7-74B6-4532-8E78-0EF0B0953441}.Release|Any CPU.ActiveCfg = Release|Any CPU
		{F931CAA7-74B6-4532-8E78-0EF0B0953441}.Release|Any CPU.Build.0 = Release|Any CPU
	EndGlobalSection
	GlobalSection(SolutionProperties) = preSolution
		HideSolutionNode = FALSE
	EndGlobalSection
	GlobalSection(ExtensibilityGlobals) = postSolution
		SolutionGuid = {B897FB54-D9FE-4819-9216-07983B125947}
	EndGlobalSection
EndGlobal
